
Microsoft Visual Studio Solution File, Format Version 12.00
# Visual Studio Version 17
VisualStudioVersion = 17.8.34330.188
MinimumVisualStudioVersion = 10.0.40219.1
Project("{FAE04EC0-301F-11D3-BF4B-00C04F79EFBC}") = "menu", "menu\menu.csproj", "{7FE6BDAD-1830-478C-8F1E-52493D7CCDB0}"
EndProject
Global
	GlobalSection(SolutionConfigurationPlatforms) = preSolution
		Debug|Any CPU = Debug|Any CPU
		Release|Any CPU = Release|Any CPU
	EndGlobalSection
	GlobalSection(ProjectConfigurationPlatforms) = postSolution
		{7FE6BDAD-1830-478C-8F1E-52493D7CCDB0}.Debug|Any CPU.ActiveCfg = Debug|Any CPU
		{7FE6BDAD-1830-478C-8F1E-52493D7CCDB0}.Debug|Any CPU.Build.0 = Debug|Any CPU
		{7FE6BDAD-1830-478C-8F1E-52493D7CCDB0}.Release|Any CPU.ActiveCfg = Release|Any CPU
		{7FE6BDAD-1830-478C-8F1E-52493D7CCDB0}.Release|Any CPU.Build.0 = Release|Any CPU
	EndGlobalSection
	GlobalSection(SolutionProperties) = preSolution
		HideSolutionNode = FALSE
	EndGlobalSection
	GlobalSection(ExtensibilityGlobals) = postSolution
		SolutionGuid = {11DE05C0-F3AD-4FCD-9BCD-E6C23F57C05B}
	EndGlobalSection
EndGlobal
